
Microsoft Visual Studio Solution File, Format Version 12.00
# Visual Studio Version 16
VisualStudioVersion = 16.0.31205.134
MinimumVisualStudioVersion = 10.0.40219.1
Project("{FAE04EC0-301F-11D3-BF4B-00C04F79EFBC}") = "datingAppApi", "datingAppApi\datingAppApi.csproj", "{CEFB08E2-E732-4C92-9F1C-C81DAEC3DA7F}"
EndProject
Global
	GlobalSection(SolutionConfigurationPlatforms) = preSolution
		Debug|Any CPU = Debug|Any CPU
		Release|Any CPU = Release|Any CPU
	EndGlobalSection
	GlobalSection(ProjectConfigurationPlatforms) = postSolution
		{CEFB08E2-E732-4C92-9F1C-C81DAEC3DA7F}.Debug|Any CPU.ActiveCfg = Debug|Any CPU
		{CEFB08E2-E732-4C92-9F1C-C81DAEC3DA7F}.Debug|Any CPU.Build.0 = Debug|Any CPU
		{CEFB08E2-E732-4C92-9F1C-C81DAEC3DA7F}.Release|Any CPU.ActiveCfg = Release|Any CPU
		{CEFB08E2-E732-4C92-9F1C-C81DAEC3DA7F}.Release|Any CPU.Build.0 = Release|Any CPU
	EndGlobalSection
	GlobalSection(SolutionProperties) = preSolution
		HideSolutionNode = FALSE
	EndGlobalSection
	GlobalSection(ExtensibilityGlobals) = postSolution
		SolutionGuid = {D2705DA0-0456-486D-98B5-3491CE7A477F}
	EndGlobalSection
EndGlobal
